// !$*UTF8*$!
{
	archiveVersion = 1;
	classes = {
	};
	objectVersion = 48;
	objects = {

/* Begin PBXBuildFile section */
		440D7FEF1F8FD8B100C65B7E /* Review.swift in Sources */ = {isa = PBXBuildFile; fileRef = 440D7FEE1F8FD8B100C65B7E /* Review.swift */; };
		440DACBD1F9411E900013872 /* CappTest.swift in Sources */ = {isa = PBXBuildFile; fileRef = 440DACBC1F9411E900013872 /* CappTest.swift */; };
		4416ADF61F940239003B58CA /* GoogleService-Info.plist in Resources */ = {isa = PBXBuildFile; fileRef = 4416ADF51F940239003B58CA /* GoogleService-Info.plist */; };
		4422D0C51F871AC100498248 /* LoginViewController.swift in Sources */ = {isa = PBXBuildFile; fileRef = 4422D0C41F871AC100498248 /* LoginViewController.swift */; };
		442A96381F8D75700046D778 /* User.swift in Sources */ = {isa = PBXBuildFile; fileRef = 442A96371F8D75700046D778 /* User.swift */; };
		4432A2F91F9420FD00263E82 /* ReviewTests.swift in Sources */ = {isa = PBXBuildFile; fileRef = 4432A2F81F9420FD00263E82 /* ReviewTests.swift */; };
		4432A2FA1F94214C00263E82 /* Review.swift in Sources */ = {isa = PBXBuildFile; fileRef = 440D7FEE1F8FD8B100C65B7E /* Review.swift */; };
		4440DC891F86F8FE00751678 /* AppDelegate.swift in Sources */ = {isa = PBXBuildFile; fileRef = 4440DC881F86F8FE00751678 /* AppDelegate.swift */; };
		4440DC8B1F86F8FE00751678 /* HomeViewController.swift in Sources */ = {isa = PBXBuildFile; fileRef = 4440DC8A1F86F8FE00751678 /* HomeViewController.swift */; };
		4440DC901F86F8FE00751678 /* Main.storyboard in Resources */ = {isa = PBXBuildFile; fileRef = 4440DC8E1F86F8FE00751678 /* Main.storyboard */; };
		4440DC921F86F8FE00751678 /* Assets.xcassets in Resources */ = {isa = PBXBuildFile; fileRef = 4440DC911F86F8FE00751678 /* Assets.xcassets */; };
		4440DC951F86F8FE00751678 /* LaunchScreen.storyboard in Resources */ = {isa = PBXBuildFile; fileRef = 4440DC931F86F8FE00751678 /* LaunchScreen.storyboard */; };
		444E63171F896CB100579B2F /* RegisterViewController.swift in Sources */ = {isa = PBXBuildFile; fileRef = 444E63161F896CB100579B2F /* RegisterViewController.swift */; };
		447271331FA3F5F600ECD924 /* MapViewController.swift in Sources */ = {isa = PBXBuildFile; fileRef = 447271321FA3F5F600ECD924 /* MapViewController.swift */; };
		44756B4F1FA9575400DC54E2 /* TableViewController.swift in Sources */ = {isa = PBXBuildFile; fileRef = 44756B4E1FA9575400DC54E2 /* TableViewController.swift */; };
		44756B511FA9579A00DC54E2 /* MapSearchViewController.swift in Sources */ = {isa = PBXBuildFile; fileRef = 44756B501FA9579A00DC54E2 /* MapSearchViewController.swift */; };
		44BB61881F9508E800319AF6 /* ShopTests.swift in Sources */ = {isa = PBXBuildFile; fileRef = 44BB61871F9508E800319AF6 /* ShopTests.swift */; };
		44BB61891F95092C00319AF6 /* Shop.swift in Sources */ = {isa = PBXBuildFile; fileRef = 44D827401F8F0D0C00540178 /* Shop.swift */; };
		44D827411F8F0D0C00540178 /* Shop.swift in Sources */ = {isa = PBXBuildFile; fileRef = 44D827401F8F0D0C00540178 /* Shop.swift */; };
		44DA18F01F96E8C2001F230E /* UserTests.swift in Sources */ = {isa = PBXBuildFile; fileRef = 44DA18EF1F96E8C2001F230E /* UserTests.swift */; };
		44DA18F11F96E8EE001F230E /* User.swift in Sources */ = {isa = PBXBuildFile; fileRef = 442A96371F8D75700046D778 /* User.swift */; };
		643C94DB1FA83922005F279E /* MyAnnotations.swift in Sources */ = {isa = PBXBuildFile; fileRef = 643C94DA1FA83922005F279E /* MyAnnotations.swift */; };
		643C94DD1FA83E1D005F279E /* CoreLocation.framework in Frameworks */ = {isa = PBXBuildFile; fileRef = 643C94DC1FA83E16005F279E /* CoreLocation.framework */; };
		64EF5CFA1FB9F3ED00A864CA /* LocationSearchTable.swift in Sources */ = {isa = PBXBuildFile; fileRef = 64EF5CF91FB9F3ED00A864CA /* LocationSearchTable.swift */; };
		993D90B1D1ACDDF097037B1C /* Pods_Capp.framework in Frameworks */ = {isa = PBXBuildFile; fileRef = 4A26194D970E3E124D14926E /* Pods_Capp.framework */; };
/* End PBXBuildFile section */

/* Begin PBXContainerItemProxy section */
		440DACBF1F9411E900013872 /* PBXContainerItemProxy */ = {
			isa = PBXContainerItemProxy;
			containerPortal = 4440DC7D1F86F8FE00751678 /* Project object */;
			proxyType = 1;
			remoteGlobalIDString = 4440DC841F86F8FE00751678;
			remoteInfo = Capp;
		};
		4416AE001F940424003B58CA /* PBXContainerItemProxy */ = {
			isa = PBXContainerItemProxy;
			containerPortal = 4440DC7D1F86F8FE00751678 /* Project object */;
			proxyType = 1;
			remoteGlobalIDString = 4440DC841F86F8FE00751678;
			remoteInfo = Capp;
		};
/* End PBXContainerItemProxy section */

/* Begin PBXFileReference section */
		440D7FEE1F8FD8B100C65B7E /* Review.swift */ = {isa = PBXFileReference; lastKnownFileType = sourcecode.swift; path = Review.swift; sourceTree = "<group>"; };
		440DACBA1F9411E900013872 /* CappTest.xctest */ = {isa = PBXFileReference; explicitFileType = wrapper.cfbundle; includeInIndex = 0; path = CappTest.xctest; sourceTree = BUILT_PRODUCTS_DIR; };
		440DACBC1F9411E900013872 /* CappTest.swift */ = {isa = PBXFileReference; lastKnownFileType = sourcecode.swift; path = CappTest.swift; sourceTree = "<group>"; };
		440DACBE1F9411E900013872 /* Info.plist */ = {isa = PBXFileReference; lastKnownFileType = text.plist.xml; path = Info.plist; sourceTree = "<group>"; };
		4416ADF51F940239003B58CA /* GoogleService-Info.plist */ = {isa = PBXFileReference; fileEncoding = 4; lastKnownFileType = text.plist.xml; path = "GoogleService-Info.plist"; sourceTree = "<group>"; };
		4416ADFB1F940424003B58CA /* CappTests.xctest */ = {isa = PBXFileReference; explicitFileType = wrapper.cfbundle; includeInIndex = 0; path = CappTests.xctest; sourceTree = BUILT_PRODUCTS_DIR; };
		4422D0C41F871AC100498248 /* LoginViewController.swift */ = {isa = PBXFileReference; lastKnownFileType = sourcecode.swift; path = LoginViewController.swift; sourceTree = "<group>"; };
		442A96371F8D75700046D778 /* User.swift */ = {isa = PBXFileReference; lastKnownFileType = sourcecode.swift; path = User.swift; sourceTree = "<group>"; };
		4432A2F81F9420FD00263E82 /* ReviewTests.swift */ = {isa = PBXFileReference; lastKnownFileType = sourcecode.swift; path = ReviewTests.swift; sourceTree = "<group>"; };
		4440DC851F86F8FE00751678 /* Capp.app */ = {isa = PBXFileReference; explicitFileType = wrapper.application; includeInIndex = 0; path = Capp.app; sourceTree = BUILT_PRODUCTS_DIR; };
		4440DC881F86F8FE00751678 /* AppDelegate.swift */ = {isa = PBXFileReference; lastKnownFileType = sourcecode.swift; path = AppDelegate.swift; sourceTree = "<group>"; };
		4440DC8A1F86F8FE00751678 /* HomeViewController.swift */ = {isa = PBXFileReference; lastKnownFileType = sourcecode.swift; path = HomeViewController.swift; sourceTree = "<group>"; };
		4440DC8F1F86F8FE00751678 /* Base */ = {isa = PBXFileReference; lastKnownFileType = file.storyboard; name = Base; path = Base.lproj/Main.storyboard; sourceTree = "<group>"; };
		4440DC911F86F8FE00751678 /* Assets.xcassets */ = {isa = PBXFileReference; lastKnownFileType = folder.assetcatalog; path = Assets.xcassets; sourceTree = "<group>"; };
		4440DC941F86F8FE00751678 /* Base */ = {isa = PBXFileReference; lastKnownFileType = file.storyboard; name = Base; path = Base.lproj/LaunchScreen.storyboard; sourceTree = "<group>"; };
		4440DC961F86F8FE00751678 /* Info.plist */ = {isa = PBXFileReference; lastKnownFileType = text.plist.xml; path = Info.plist; sourceTree = "<group>"; };
		444E63161F896CB100579B2F /* RegisterViewController.swift */ = {isa = PBXFileReference; lastKnownFileType = sourcecode.swift; path = RegisterViewController.swift; sourceTree = "<group>"; };
		446655051F91229200FB1C52 /* GoogleService-Info.plist */ = {isa = PBXFileReference; lastKnownFileType = text.plist.xml; path = "GoogleService-Info.plist"; sourceTree = "<group>"; };
		447271321FA3F5F600ECD924 /* MapViewController.swift */ = {isa = PBXFileReference; lastKnownFileType = sourcecode.swift; path = MapViewController.swift; sourceTree = "<group>"; };
		44756B4E1FA9575400DC54E2 /* TableViewController.swift */ = {isa = PBXFileReference; lastKnownFileType = sourcecode.swift; path = TableViewController.swift; sourceTree = "<group>"; };
		44756B501FA9579A00DC54E2 /* MapSearchViewController.swift */ = {isa = PBXFileReference; fileEncoding = 4; lastKnownFileType = sourcecode.swift; path = MapSearchViewController.swift; sourceTree = "<group>"; };
		44BB61871F9508E800319AF6 /* ShopTests.swift */ = {isa = PBXFileReference; lastKnownFileType = sourcecode.swift; path = ShopTests.swift; sourceTree = "<group>"; };
		44D827401F8F0D0C00540178 /* Shop.swift */ = {isa = PBXFileReference; lastKnownFileType = sourcecode.swift; path = Shop.swift; sourceTree = "<group>"; };
		44DA18EF1F96E8C2001F230E /* UserTests.swift */ = {isa = PBXFileReference; lastKnownFileType = sourcecode.swift; path = UserTests.swift; sourceTree = "<group>"; };
		4A26194D970E3E124D14926E /* Pods_Capp.framework */ = {isa = PBXFileReference; explicitFileType = wrapper.framework; includeInIndex = 0; path = Pods_Capp.framework; sourceTree = BUILT_PRODUCTS_DIR; };
		600B63D047858AAE10CA37B6 /* Pods-Capp.release.xcconfig */ = {isa = PBXFileReference; includeInIndex = 1; lastKnownFileType = text.xcconfig; name = "Pods-Capp.release.xcconfig"; path = "Pods/Target Support Files/Pods-Capp/Pods-Capp.release.xcconfig"; sourceTree = "<group>"; };
		643C94DA1FA83922005F279E /* MyAnnotations.swift */ = {isa = PBXFileReference; lastKnownFileType = sourcecode.swift; path = MyAnnotations.swift; sourceTree = "<group>"; };
		643C94DC1FA83E16005F279E /* CoreLocation.framework */ = {isa = PBXFileReference; lastKnownFileType = wrapper.framework; name = CoreLocation.framework; path = System/Library/Frameworks/CoreLocation.framework; sourceTree = SDKROOT; };
		64EF5CF91FB9F3ED00A864CA /* LocationSearchTable.swift */ = {isa = PBXFileReference; lastKnownFileType = sourcecode.swift; path = LocationSearchTable.swift; sourceTree = "<group>"; };
		AFD0706F1210A18331B37625 /* Pods-Capp.debug.xcconfig */ = {isa = PBXFileReference; includeInIndex = 1; lastKnownFileType = text.xcconfig; name = "Pods-Capp.debug.xcconfig"; path = "Pods/Target Support Files/Pods-Capp/Pods-Capp.debug.xcconfig"; sourceTree = "<group>"; };
/* End PBXFileReference section */

/* Begin PBXFrameworksBuildPhase section */
		440DACB71F9411E900013872 /* Frameworks */ = {
			isa = PBXFrameworksBuildPhase;
			buildActionMask = 2147483647;
			files = (
			);
			runOnlyForDeploymentPostprocessing = 0;
		};
		4416ADF81F940423003B58CA /* Frameworks */ = {
			isa = PBXFrameworksBuildPhase;
			buildActionMask = 2147483647;
			files = (
			);
			runOnlyForDeploymentPostprocessing = 0;
		};
		4440DC821F86F8FE00751678 /* Frameworks */ = {
			isa = PBXFrameworksBuildPhase;
			buildActionMask = 2147483647;
			files = (
				643C94DD1FA83E1D005F279E /* CoreLocation.framework in Frameworks */,
				993D90B1D1ACDDF097037B1C /* Pods_Capp.framework in Frameworks */,
			);
			runOnlyForDeploymentPostprocessing = 0;
		};
/* End PBXFrameworksBuildPhase section */

/* Begin PBXGroup section */
		440DACBB1F9411E900013872 /* CappTest */ = {
			isa = PBXGroup;
			children = (
				44DA18EF1F96E8C2001F230E /* UserTests.swift */,
				44BB61871F9508E800319AF6 /* ShopTests.swift */,
				4432A2F81F9420FD00263E82 /* ReviewTests.swift */,
				440DACBC1F9411E900013872 /* CappTest.swift */,
				440DACBE1F9411E900013872 /* Info.plist */,
			);
			path = CappTest;
			sourceTree = "<group>";
		};
		442A96361F8D75500046D778 /* User */ = {
			isa = PBXGroup;
			children = (
				442A96371F8D75700046D778 /* User.swift */,
			);
			path = User;
			sourceTree = "<group>";
		};
		4440DC7C1F86F8FE00751678 = {
			isa = PBXGroup;
			children = (
				4416ADF51F940239003B58CA /* GoogleService-Info.plist */,
				4440DC871F86F8FE00751678 /* Capp */,
				440DACBB1F9411E900013872 /* CappTest */,
				4440DC861F86F8FE00751678 /* Products */,
				FEB0C65D001CE2E07F2B8552 /* Pods */,
				C19B4B5D3A46409A653259E0 /* Frameworks */,
			);
			sourceTree = "<group>";
		};
		4440DC861F86F8FE00751678 /* Products */ = {
			isa = PBXGroup;
			children = (
				4440DC851F86F8FE00751678 /* Capp.app */,
				4416ADFB1F940424003B58CA /* CappTests.xctest */,
				440DACBA1F9411E900013872 /* CappTest.xctest */,
			);
			name = Products;
			sourceTree = "<group>";
		};
		4440DC871F86F8FE00751678 /* Capp */ = {
			isa = PBXGroup;
			children = (
				44D8273F1F8F0CE500540178 /* Shop */,
				442A96361F8D75500046D778 /* User */,
				4440DC881F86F8FE00751678 /* AppDelegate.swift */,
				4440DC8A1F86F8FE00751678 /* HomeViewController.swift */,
				4440DC8E1F86F8FE00751678 /* Main.storyboard */,
				4440DC911F86F8FE00751678 /* Assets.xcassets */,
				4440DC931F86F8FE00751678 /* LaunchScreen.storyboard */,
				4440DC961F86F8FE00751678 /* Info.plist */,
				4422D0C41F871AC100498248 /* LoginViewController.swift */,
				444E63161F896CB100579B2F /* RegisterViewController.swift */,
				447271321FA3F5F600ECD924 /* MapViewController.swift */,
				64EF5CF91FB9F3ED00A864CA /* LocationSearchTable.swift */,
				44756B501FA9579A00DC54E2 /* MapSearchViewController.swift */,
				643C94DA1FA83922005F279E /* MyAnnotations.swift */,
				446655051F91229200FB1C52 /* GoogleService-Info.plist */,
				44756B4E1FA9575400DC54E2 /* TableViewController.swift */,
			);
			path = Capp;
			sourceTree = "<group>";
		};
		44D8273F1F8F0CE500540178 /* Shop */ = {
			isa = PBXGroup;
			children = (
				44D827401F8F0D0C00540178 /* Shop.swift */,
				440D7FEE1F8FD8B100C65B7E /* Review.swift */,
			);
			path = Shop;
			sourceTree = "<group>";
		};
		C19B4B5D3A46409A653259E0 /* Frameworks */ = {
			isa = PBXGroup;
			children = (
				643C94DC1FA83E16005F279E /* CoreLocation.framework */,
				4A26194D970E3E124D14926E /* Pods_Capp.framework */,
			);
			name = Frameworks;
			sourceTree = "<group>";
		};
		FEB0C65D001CE2E07F2B8552 /* Pods */ = {
			isa = PBXGroup;
			children = (
				AFD0706F1210A18331B37625 /* Pods-Capp.debug.xcconfig */,
				600B63D047858AAE10CA37B6 /* Pods-Capp.release.xcconfig */,
			);
			name = Pods;
			sourceTree = "<group>";
		};
/* End PBXGroup section */

/* Begin PBXNativeTarget section */
		440DACB91F9411E900013872 /* CappTest */ = {
			isa = PBXNativeTarget;
			buildConfigurationList = 440DACC31F9411E900013872 /* Build configuration list for PBXNativeTarget "CappTest" */;
			buildPhases = (
				440DACB61F9411E900013872 /* Sources */,
				440DACB71F9411E900013872 /* Frameworks */,
				440DACB81F9411E900013872 /* Resources */,
			);
			buildRules = (
			);
			dependencies = (
				440DACC01F9411E900013872 /* PBXTargetDependency */,
			);
			name = CappTest;
			productName = CappTest;
			productReference = 440DACBA1F9411E900013872 /* CappTest.xctest */;
			productType = "com.apple.product-type.bundle.unit-test";
		};
		4416ADFA1F940423003B58CA /* CappTests */ = {
			isa = PBXNativeTarget;
			buildConfigurationList = 4416AE021F940424003B58CA /* Build configuration list for PBXNativeTarget "CappTests" */;
			buildPhases = (
				4416ADF71F940423003B58CA /* Sources */,
				4416ADF81F940423003B58CA /* Frameworks */,
				4416ADF91F940423003B58CA /* Resources */,
			);
			buildRules = (
			);
			dependencies = (
				4416AE011F940424003B58CA /* PBXTargetDependency */,
			);
			name = CappTests;
			productName = CappTests;
			productReference = 4416ADFB1F940424003B58CA /* CappTests.xctest */;
			productType = "com.apple.product-type.bundle.unit-test";
		};
		4440DC841F86F8FE00751678 /* Capp */ = {
			isa = PBXNativeTarget;
			buildConfigurationList = 4440DC991F86F8FE00751678 /* Build configuration list for PBXNativeTarget "Capp" */;
			buildPhases = (
				12DA967ED19EE0D131BF99AA /* [CP] Check Pods Manifest.lock */,
				4440DC811F86F8FE00751678 /* Sources */,
				4440DC821F86F8FE00751678 /* Frameworks */,
				4440DC831F86F8FE00751678 /* Resources */,
				043091F4B7F8695D4EBB8874 /* [CP] Embed Pods Frameworks */,
				2A4C3D6D901AD1285D728F23 /* [CP] Copy Pods Resources */,
			);
			buildRules = (
			);
			dependencies = (
			);
			name = Capp;
			productName = Capp;
			productReference = 4440DC851F86F8FE00751678 /* Capp.app */;
			productType = "com.apple.product-type.application";
		};
/* End PBXNativeTarget section */

/* Begin PBXProject section */
		4440DC7D1F86F8FE00751678 /* Project object */ = {
			isa = PBXProject;
			attributes = {
				LastSwiftUpdateCheck = 0900;
				LastUpgradeCheck = 0900;
				ORGANIZATIONNAME = Team6;
				TargetAttributes = {
					440DACB91F9411E900013872 = {
						CreatedOnToolsVersion = 9.0;
						ProvisioningStyle = Automatic;
						TestTargetID = 4440DC841F86F8FE00751678;
					};
					4416ADFA1F940423003B58CA = {
						CreatedOnToolsVersion = 9.0;
						ProvisioningStyle = Automatic;
						TestTargetID = 4440DC841F86F8FE00751678;
					};
					4440DC841F86F8FE00751678 = {
						CreatedOnToolsVersion = 9.0;
						ProvisioningStyle = Automatic;
					};
				};
			};
			buildConfigurationList = 4440DC801F86F8FE00751678 /* Build configuration list for PBXProject "Capp" */;
			compatibilityVersion = "Xcode 8.0";
			developmentRegion = en;
			hasScannedForEncodings = 0;
			knownRegions = (
				en,
				Base,
			);
			mainGroup = 4440DC7C1F86F8FE00751678;
			productRefGroup = 4440DC861F86F8FE00751678 /* Products */;
			projectDirPath = "";
			projectRoot = "";
			targets = (
				4440DC841F86F8FE00751678 /* Capp */,
				4416ADFA1F940423003B58CA /* CappTests */,
				440DACB91F9411E900013872 /* CappTest */,
			);
		};
/* End PBXProject section */

/* Begin PBXResourcesBuildPhase section */
		440DACB81F9411E900013872 /* Resources */ = {
			isa = PBXResourcesBuildPhase;
			buildActionMask = 2147483647;
			files = (
			);
			runOnlyForDeploymentPostprocessing = 0;
		};
		4416ADF91F940423003B58CA /* Resources */ = {
			isa = PBXResourcesBuildPhase;
			buildActionMask = 2147483647;
			files = (
			);
			runOnlyForDeploymentPostprocessing = 0;
		};
		4440DC831F86F8FE00751678 /* Resources */ = {
			isa = PBXResourcesBuildPhase;
			buildActionMask = 2147483647;
			files = (
				4440DC951F86F8FE00751678 /* LaunchScreen.storyboard in Resources */,
				4416ADF61F940239003B58CA /* GoogleService-Info.plist in Resources */,
				4440DC921F86F8FE00751678 /* Assets.xcassets in Resources */,
				4440DC901F86F8FE00751678 /* Main.storyboard in Resources */,
			);
			runOnlyForDeploymentPostprocessing = 0;
		};
/* End PBXResourcesBuildPhase section */

/* Begin PBXShellScriptBuildPhase section */
		043091F4B7F8695D4EBB8874 /* [CP] Embed Pods Frameworks */ = {
			isa = PBXShellScriptBuildPhase;
			buildActionMask = 2147483647;
			files = (
			);
			inputPaths = (
				"${SRCROOT}/Pods/Target Support Files/Pods-Capp/Pods-Capp-frameworks.sh",
				"${BUILT_PRODUCTS_DIR}/ChameleonFramework/ChameleonFramework.framework",
				"${BUILT_PRODUCTS_DIR}/GTMSessionFetcher/GTMSessionFetcher.framework",
				"${BUILT_PRODUCTS_DIR}/GoogleToolboxForMac/GoogleToolboxForMac.framework",
				"${BUILT_PRODUCTS_DIR}/SnapKit/SnapKit.framework",
				"${BUILT_PRODUCTS_DIR}/leveldb-library/leveldb.framework",
				"${BUILT_PRODUCTS_DIR}/nanopb/nanopb.framework",
			);
			name = "[CP] Embed Pods Frameworks";
			outputPaths = (
				"${TARGET_BUILD_DIR}/${FRAMEWORKS_FOLDER_PATH}/ChameleonFramework.framework",
				"${TARGET_BUILD_DIR}/${FRAMEWORKS_FOLDER_PATH}/GTMSessionFetcher.framework",
				"${TARGET_BUILD_DIR}/${FRAMEWORKS_FOLDER_PATH}/GoogleToolboxForMac.framework",
				"${TARGET_BUILD_DIR}/${FRAMEWORKS_FOLDER_PATH}/SnapKit.framework",
				"${TARGET_BUILD_DIR}/${FRAMEWORKS_FOLDER_PATH}/leveldb.framework",
				"${TARGET_BUILD_DIR}/${FRAMEWORKS_FOLDER_PATH}/nanopb.framework",
			);
			runOnlyForDeploymentPostprocessing = 0;
			shellPath = /bin/sh;
			shellScript = "\"${SRCROOT}/Pods/Target Support Files/Pods-Capp/Pods-Capp-frameworks.sh\"\n";
			showEnvVarsInLog = 0;
		};
		12DA967ED19EE0D131BF99AA /* [CP] Check Pods Manifest.lock */ = {
			isa = PBXShellScriptBuildPhase;
			buildActionMask = 2147483647;
			files = (
			);
			inputPaths = (
				"${PODS_PODFILE_DIR_PATH}/Podfile.lock",
				"${PODS_ROOT}/Manifest.lock",
			);
			name = "[CP] Check Pods Manifest.lock";
			outputPaths = (
				"$(DERIVED_FILE_DIR)/Pods-Capp-checkManifestLockResult.txt",
			);
			runOnlyForDeploymentPostprocessing = 0;
			shellPath = /bin/sh;
			shellScript = "diff \"${PODS_PODFILE_DIR_PATH}/Podfile.lock\" \"${PODS_ROOT}/Manifest.lock\" > /dev/null\nif [ $? != 0 ] ; then\n    # print error to STDERR\n    echo \"error: The sandbox is not in sync with the Podfile.lock. Run 'pod install' or update your CocoaPods installation.\" >&2\n    exit 1\nfi\n# This output is used by Xcode 'outputs' to avoid re-running this script phase.\necho \"SUCCESS\" > \"${SCRIPT_OUTPUT_FILE_0}\"\n";
			showEnvVarsInLog = 0;
		};
		2A4C3D6D901AD1285D728F23 /* [CP] Copy Pods Resources */ = {
			isa = PBXShellScriptBuildPhase;
			buildActionMask = 2147483647;
			files = (
			);
			inputPaths = (
			);
			name = "[CP] Copy Pods Resources";
			outputPaths = (
			);
			runOnlyForDeploymentPostprocessing = 0;
			shellPath = /bin/sh;
			shellScript = "\"${SRCROOT}/Pods/Target Support Files/Pods-Capp/Pods-Capp-resources.sh\"\n";
			showEnvVarsInLog = 0;
		};
/* End PBXShellScriptBuildPhase section */

/* Begin PBXSourcesBuildPhase section */
		440DACB61F9411E900013872 /* Sources */ = {
			isa = PBXSourcesBuildPhase;
			buildActionMask = 2147483647;
			files = (
				44DA18F01F96E8C2001F230E /* UserTests.swift in Sources */,
				440DACBD1F9411E900013872 /* CappTest.swift in Sources */,
				4432A2F91F9420FD00263E82 /* ReviewTests.swift in Sources */,
				4432A2FA1F94214C00263E82 /* Review.swift in Sources */,
				44BB61891F95092C00319AF6 /* Shop.swift in Sources */,
				44BB61881F9508E800319AF6 /* ShopTests.swift in Sources */,
				44DA18F11F96E8EE001F230E /* User.swift in Sources */,
			);
			runOnlyForDeploymentPostprocessing = 0;
		};
		4416ADF71F940423003B58CA /* Sources */ = {
			isa = PBXSourcesBuildPhase;
			buildActionMask = 2147483647;
			files = (
			);
			runOnlyForDeploymentPostprocessing = 0;
		};
		4440DC811F86F8FE00751678 /* Sources */ = {
			isa = PBXSourcesBuildPhase;
			buildActionMask = 2147483647;
			files = (
				4422D0C51F871AC100498248 /* LoginViewController.swift in Sources */,
				440D7FEF1F8FD8B100C65B7E /* Review.swift in Sources */,
				444E63171F896CB100579B2F /* RegisterViewController.swift in Sources */,
				64EF5CFA1FB9F3ED00A864CA /* LocationSearchTable.swift in Sources */,
				44756B511FA9579A00DC54E2 /* MapSearchViewController.swift in Sources */,
				44756B4F1FA9575400DC54E2 /* TableViewController.swift in Sources */,
				442A96381F8D75700046D778 /* User.swift in Sources */,
				44D827411F8F0D0C00540178 /* Shop.swift in Sources */,
				4440DC891F86F8FE00751678 /* AppDelegate.swift in Sources */,
				4440DC8B1F86F8FE00751678 /* HomeViewController.swift in Sources */,
				643C94DB1FA83922005F279E /* MyAnnotations.swift in Sources */,
				447271331FA3F5F600ECD924 /* MapViewController.swift in Sources */,
			);
			runOnlyForDeploymentPostprocessing = 0;
		};
/* End PBXSourcesBuildPhase section */

/* Begin PBXTargetDependency section */
		440DACC01F9411E900013872 /* PBXTargetDependency */ = {
			isa = PBXTargetDependency;
			target = 4440DC841F86F8FE00751678 /* Capp */;
			targetProxy = 440DACBF1F9411E900013872 /* PBXContainerItemProxy */;
		};
		4416AE011F940424003B58CA /* PBXTargetDependency */ = {
			isa = PBXTargetDependency;
			target = 4440DC841F86F8FE00751678 /* Capp */;
			targetProxy = 4416AE001F940424003B58CA /* PBXContainerItemProxy */;
		};
/* End PBXTargetDependency section */

/* Begin PBXVariantGroup section */
		4440DC8E1F86F8FE00751678 /* Main.storyboard */ = {
			isa = PBXVariantGroup;
			children = (
				4440DC8F1F86F8FE00751678 /* Base */,
			);
			name = Main.storyboard;
			sourceTree = "<group>";
		};
		4440DC931F86F8FE00751678 /* LaunchScreen.storyboard */ = {
			isa = PBXVariantGroup;
			children = (
				4440DC941F86F8FE00751678 /* Base */,
			);
			name = LaunchScreen.storyboard;
			sourceTree = "<group>";
		};
/* End PBXVariantGroup section */

/* Begin XCBuildConfiguration section */
		440DACC11F9411E900013872 /* Debug */ = {
			isa = XCBuildConfiguration;
			buildSettings = {
				BUNDLE_LOADER = "$(TEST_HOST)";
				CODE_SIGN_STYLE = Automatic;
				INFOPLIST_FILE = CappTest/Info.plist;
				LD_RUNPATH_SEARCH_PATHS = "$(inherited) @executable_path/Frameworks @loader_path/Frameworks";
				PRODUCT_BUNDLE_IDENTIFIER = com.projects.CappTest;
				PRODUCT_NAME = "$(TARGET_NAME)";
				SWIFT_VERSION = 4.0;
				TARGETED_DEVICE_FAMILY = "1,2";
				TEST_HOST = "$(BUILT_PRODUCTS_DIR)/Capp.app/Capp";
			};
			name = Debug;
		};
		440DACC21F9411E900013872 /* Release */ = {
			isa = XCBuildConfiguration;
			buildSettings = {
				BUNDLE_LOADER = "$(TEST_HOST)";
				CODE_SIGN_STYLE = Automatic;
				INFOPLIST_FILE = CappTest/Info.plist;
				LD_RUNPATH_SEARCH_PATHS = "$(inherited) @executable_path/Frameworks @loader_path/Frameworks";
				PRODUCT_BUNDLE_IDENTIFIER = com.projects.CappTest;
				PRODUCT_NAME = "$(TARGET_NAME)";
				SWIFT_VERSION = 4.0;
				TARGETED_DEVICE_FAMILY = "1,2";
				TEST_HOST = "$(BUILT_PRODUCTS_DIR)/Capp.app/Capp";
			};
			name = Release;
		};
		4416AE031F940424003B58CA /* Debug */ = {
			isa = XCBuildConfiguration;
			buildSettings = {
				BUNDLE_LOADER = "$(TEST_HOST)";
				CODE_SIGN_STYLE = Automatic;
				INFOPLIST_FILE = CappTests/Info.plist;
				LD_RUNPATH_SEARCH_PATHS = "$(inherited) @executable_path/Frameworks @loader_path/Frameworks";
				PRODUCT_BUNDLE_IDENTIFIER = com.projects.CappTests;
				PRODUCT_NAME = "$(TARGET_NAME)";
				SWIFT_VERSION = 4.0;
				TARGETED_DEVICE_FAMILY = "1,2";
				TEST_HOST = "$(BUILT_PRODUCTS_DIR)/Capp.app/Capp";
			};
			name = Debug;
		};
		4416AE041F940424003B58CA /* Release */ = {
			isa = XCBuildConfiguration;
			buildSettings = {
				BUNDLE_LOADER = "$(TEST_HOST)";
				CODE_SIGN_STYLE = Automatic;
				INFOPLIST_FILE = CappTests/Info.plist;
				LD_RUNPATH_SEARCH_PATHS = "$(inherited) @executable_path/Frameworks @loader_path/Frameworks";
				PRODUCT_BUNDLE_IDENTIFIER = com.projects.CappTests;
				PRODUCT_NAME = "$(TARGET_NAME)";
				SWIFT_VERSION = 4.0;
				TARGETED_DEVICE_FAMILY = "1,2";
				TEST_HOST = "$(BUILT_PRODUCTS_DIR)/Capp.app/Capp";
			};
			name = Release;
		};
		4440DC971F86F8FE00751678 /* Debug */ = {
			isa = XCBuildConfiguration;
			buildSettings = {
				ALWAYS_SEARCH_USER_PATHS = NO;
				CLANG_ANALYZER_NONNULL = YES;
				CLANG_ANALYZER_NUMBER_OBJECT_CONVERSION = YES_AGGRESSIVE;
				CLANG_CXX_LANGUAGE_STANDARD = "gnu++14";
				CLANG_CXX_LIBRARY = "libc++";
				CLANG_ENABLE_MODULES = YES;
				CLANG_ENABLE_OBJC_ARC = YES;
				CLANG_WARN_BLOCK_CAPTURE_AUTORELEASING = YES;
				CLANG_WARN_BOOL_CONVERSION = YES;
				CLANG_WARN_COMMA = YES;
				CLANG_WARN_CONSTANT_CONVERSION = YES;
				CLANG_WARN_DIRECT_OBJC_ISA_USAGE = YES_ERROR;
				CLANG_WARN_DOCUMENTATION_COMMENTS = YES;
				CLANG_WARN_EMPTY_BODY = YES;
				CLANG_WARN_ENUM_CONVERSION = YES;
				CLANG_WARN_INFINITE_RECURSION = YES;
				CLANG_WARN_INT_CONVERSION = YES;
				CLANG_WARN_NON_LITERAL_NULL_CONVERSION = YES;
				CLANG_WARN_OBJC_LITERAL_CONVERSION = YES;
				CLANG_WARN_OBJC_ROOT_CLASS = YES_ERROR;
				CLANG_WARN_RANGE_LOOP_ANALYSIS = YES;
				CLANG_WARN_STRICT_PROTOTYPES = YES;
				CLANG_WARN_SUSPICIOUS_MOVE = YES;
				CLANG_WARN_UNGUARDED_AVAILABILITY = YES_AGGRESSIVE;
				CLANG_WARN_UNREACHABLE_CODE = YES;
				CLANG_WARN__DUPLICATE_METHOD_MATCH = YES;
				CODE_SIGN_IDENTITY = "iPhone Developer";
				COPY_PHASE_STRIP = NO;
				DEBUG_INFORMATION_FORMAT = dwarf;
				ENABLE_STRICT_OBJC_MSGSEND = YES;
				ENABLE_TESTABILITY = YES;
				GCC_C_LANGUAGE_STANDARD = gnu11;
				GCC_DYNAMIC_NO_PIC = NO;
				GCC_NO_COMMON_BLOCKS = YES;
				GCC_OPTIMIZATION_LEVEL = 0;
				GCC_PREPROCESSOR_DEFINITIONS = (
					"DEBUG=1",
					"$(inherited)",
				);
				GCC_WARN_64_TO_32_BIT_CONVERSION = YES;
				GCC_WARN_ABOUT_RETURN_TYPE = YES_ERROR;
				GCC_WARN_UNDECLARED_SELECTOR = YES;
				GCC_WARN_UNINITIALIZED_AUTOS = YES_AGGRESSIVE;
				GCC_WARN_UNUSED_FUNCTION = YES;
				GCC_WARN_UNUSED_VARIABLE = YES;
				IPHONEOS_DEPLOYMENT_TARGET = 11.0;
				MTL_ENABLE_DEBUG_INFO = YES;
				ONLY_ACTIVE_ARCH = YES;
				SDKROOT = iphoneos;
				SWIFT_ACTIVE_COMPILATION_CONDITIONS = DEBUG;
				SWIFT_OPTIMIZATION_LEVEL = "-Onone";
			};
			name = Debug;
		};
		4440DC981F86F8FE00751678 /* Release */ = {
			isa = XCBuildConfiguration;
			buildSettings = {
				ALWAYS_SEARCH_USER_PATHS = NO;
				CLANG_ANALYZER_NONNULL = YES;
				CLANG_ANALYZER_NUMBER_OBJECT_CONVERSION = YES_AGGRESSIVE;
				CLANG_CXX_LANGUAGE_STANDARD = "gnu++14";
				CLANG_CXX_LIBRARY = "libc++";
				CLANG_ENABLE_MODULES = YES;
				CLANG_ENABLE_OBJC_ARC = YES;
				CLANG_WARN_BLOCK_CAPTURE_AUTORELEASING = YES;
				CLANG_WARN_BOOL_CONVERSION = YES;
				CLANG_WARN_COMMA = YES;
				CLANG_WARN_CONSTANT_CONVERSION = YES;
				CLANG_WARN_DIRECT_OBJC_ISA_USAGE = YES_ERROR;
				CLANG_WARN_DOCUMENTATION_COMMENTS = YES;
				CLANG_WARN_EMPTY_BODY = YES;
				CLANG_WARN_ENUM_CONVERSION = YES;
				CLANG_WARN_INFINITE_RECURSION = YES;
				CLANG_WARN_INT_CONVERSION = YES;
				CLANG_WARN_NON_LITERAL_NULL_CONVERSION = YES;
				CLANG_WARN_OBJC_LITERAL_CONVERSION = YES;
				CLANG_WARN_OBJC_ROOT_CLASS = YES_ERROR;
				CLANG_WARN_RANGE_LOOP_ANALYSIS = YES;
				CLANG_WARN_STRICT_PROTOTYPES = YES;
				CLANG_WARN_SUSPICIOUS_MOVE = YES;
				CLANG_WARN_UNGUARDED_AVAILABILITY = YES_AGGRESSIVE;
				CLANG_WARN_UNREACHABLE_CODE = YES;
				CLANG_WARN__DUPLICATE_METHOD_MATCH = YES;
				CODE_SIGN_IDENTITY = "iPhone Developer";
				COPY_PHASE_STRIP = NO;
				DEBUG_INFORMATION_FORMAT = "dwarf-with-dsym";
				ENABLE_NS_ASSERTIONS = NO;
				ENABLE_STRICT_OBJC_MSGSEND = YES;
				GCC_C_LANGUAGE_STANDARD = gnu11;
				GCC_NO_COMMON_BLOCKS = YES;
				GCC_WARN_64_TO_32_BIT_CONVERSION = YES;
				GCC_WARN_ABOUT_RETURN_TYPE = YES_ERROR;
				GCC_WARN_UNDECLARED_SELECTOR = YES;
				GCC_WARN_UNINITIALIZED_AUTOS = YES_AGGRESSIVE;
				GCC_WARN_UNUSED_FUNCTION = YES;
				GCC_WARN_UNUSED_VARIABLE = YES;
				IPHONEOS_DEPLOYMENT_TARGET = 11.0;
				MTL_ENABLE_DEBUG_INFO = NO;
				SDKROOT = iphoneos;
				SWIFT_OPTIMIZATION_LEVEL = "-Owholemodule";
				VALIDATE_PRODUCT = YES;
			};
			name = Release;
		};
		4440DC9A1F86F8FE00751678 /* Debug */ = {
			isa = XCBuildConfiguration;
			baseConfigurationReference = AFD0706F1210A18331B37625 /* Pods-Capp.debug.xcconfig */;
			buildSettings = {
				ASSETCATALOG_COMPILER_APPICON_NAME = AppIcon;
				CODE_SIGN_STYLE = Automatic;
				DEVELOPMENT_TEAM = 4S58772B2E;
				INFOPLIST_FILE = Capp/Info.plist;
				LD_RUNPATH_SEARCH_PATHS = "$(inherited) @executable_path/Frameworks";
				PRODUCT_BUNDLE_IDENTIFIER = com.projects.Capp;
				PRODUCT_NAME = "$(TARGET_NAME)";
				SWIFT_VERSION = 4.0;
				TARGETED_DEVICE_FAMILY = "1,2";
			};
			name = Debug;
		};
		4440DC9B1F86F8FE00751678 /* Release */ = {
			isa = XCBuildConfiguration;
			baseConfigurationReference = 600B63D047858AAE10CA37B6 /* Pods-Capp.release.xcconfig */;
			buildSettings = {
				ASSETCATALOG_COMPILER_APPICON_NAME = AppIcon;
				CODE_SIGN_STYLE = Automatic;
				DEVELOPMENT_TEAM = 4S58772B2E;
				INFOPLIST_FILE = Capp/Info.plist;
				LD_RUNPATH_SEARCH_PATHS = "$(inherited) @executable_path/Frameworks";
				PRODUCT_BUNDLE_IDENTIFIER = com.projects.Capp;
				PRODUCT_NAME = "$(TARGET_NAME)";
				SWIFT_VERSION = 4.0;
				TARGETED_DEVICE_FAMILY = "1,2";
			};
			name = Release;
		};
/* End XCBuildConfiguration section */

/* Begin XCConfigurationList section */
		440DACC31F9411E900013872 /* Build configuration list for PBXNativeTarget "CappTest" */ = {
			isa = XCConfigurationList;
			buildConfigurations = (
				440DACC11F9411E900013872 /* Debug */,
				440DACC21F9411E900013872 /* Release */,
			);
			defaultConfigurationIsVisible = 0;
			defaultConfigurationName = Release;
		};
		4416AE021F940424003B58CA /* Build configuration list for PBXNativeTarget "CappTests" */ = {
			isa = XCConfigurationList;
			buildConfigurations = (
				4416AE031F940424003B58CA /* Debug */,
				4416AE041F940424003B58CA /* Release */,
			);
			defaultConfigurationIsVisible = 0;
			defaultConfigurationName = Release;
		};
		4440DC801F86F8FE00751678 /* Build configuration list for PBXProject "Capp" */ = {
			isa = XCConfigurationList;
			buildConfigurations = (
				4440DC971F86F8FE00751678 /* Debug */,
				4440DC981F86F8FE00751678 /* Release */,
			);
			defaultConfigurationIsVisible = 0;
			defaultConfigurationName = Release;
		};
		4440DC991F86F8FE00751678 /* Build configuration list for PBXNativeTarget "Capp" */ = {
			isa = XCConfigurationList;
			buildConfigurations = (
				4440DC9A1F86F8FE00751678 /* Debug */,
				4440DC9B1F86F8FE00751678 /* Release */,
			);
			defaultConfigurationIsVisible = 0;
			defaultConfigurationName = Release;
		};
/* End XCConfigurationList section */
	};
	rootObject = 4440DC7D1F86F8FE00751678 /* Project object */;
}
